
Microsoft Visual Studio Solution File, Format Version 12.00
# Visual Studio Version 16
VisualStudioVersion = 16.0.29230.47
MinimumVisualStudioVersion = 10.0.40219.1
Project("{F2A71F9B-5D33-465A-A702-920D77279786}") = "StatisticalML", "StatisticalML.fsproj", "{C5417BA0-7A86-452A-AB90-01ADF0E6BFF1}"
EndProject
Project("{2150E333-8FDC-42A3-9474-1A3956D46DE8}") = "chap1", "chap1", "{4D2EEF0C-410B-458E-A4C9-6B6202D041B0}"
EndProject
Project("{F2A71F9B-5D33-465A-A702-920D77279786}") = "LinearRegression", "..\chap1\LinearRegression\LinearRegression.fsproj", "{8A54E444-F537-4A46-8D44-E0488F7B3D02}"
EndProject
Global
	GlobalSection(SolutionConfigurationPlatforms) = preSolution
		Debug|Any CPU = Debug|Any CPU
		Release|Any CPU = Release|Any CPU
	EndGlobalSection
	GlobalSection(ProjectConfigurationPlatforms) = postSolution
		{C5417BA0-7A86-452A-AB90-01ADF0E6BFF1}.Debug|Any CPU.ActiveCfg = Debug|Any CPU
		{C5417BA0-7A86-452A-AB90-01ADF0E6BFF1}.Debug|Any CPU.Build.0 = Debug|Any CPU
		{C5417BA0-7A86-452A-AB90-01ADF0E6BFF1}.Release|Any CPU.ActiveCfg = Release|Any CPU
		{C5417BA0-7A86-452A-AB90-01ADF0E6BFF1}.Release|Any CPU.Build.0 = Release|Any CPU
		{8A54E444-F537-4A46-8D44-E0488F7B3D02}.Debug|Any CPU.ActiveCfg = Debug|Any CPU
		{8A54E444-F537-4A46-8D44-E0488F7B3D02}.Debug|Any CPU.Build.0 = Debug|Any CPU
		{8A54E444-F537-4A46-8D44-E0488F7B3D02}.Release|Any CPU.ActiveCfg = Release|Any CPU
		{8A54E444-F537-4A46-8D44-E0488F7B3D02}.Release|Any CPU.Build.0 = Release|Any CPU
	EndGlobalSection
	GlobalSection(SolutionProperties) = preSolution
		HideSolutionNode = FALSE
	EndGlobalSection
	GlobalSection(NestedProjects) = preSolution
		{8A54E444-F537-4A46-8D44-E0488F7B3D02} = {4D2EEF0C-410B-458E-A4C9-6B6202D041B0}
	EndGlobalSection
	GlobalSection(ExtensibilityGlobals) = postSolution
		SolutionGuid = {7C3FDD39-E3E6-48C4-9935-EEDF358B13C1}
	EndGlobalSection
EndGlobal
